{
  "nodes": {
    "buildroot-nix": {
      "inputs": {
        "nixpkgs": "nixpkgs"
      },
      "locked": {
        "lastModified": 1727020628,
        "narHash": "sha256-bRus9dZUlPduZG4M9qKNcJ1qMQsfFkXD4ZJt7h8s5KU=",
        "owner": "zopieux",
        "repo": "nix-buildroot",
        "rev": "96fd8b3a5463a776732f8f91d38fb3f01606dd07",
        "type": "github"
      },
      "original": {
        "owner": "zopieux",
        "ref": "2024.08",
        "repo": "nix-buildroot",
        "type": "github"
      }
    },
    "nixpkgs": {
      "locked": {
        "lastModified": 1726838390,
        "narHash": "sha256-NmcVhGElxDbmEWzgXsyAjlRhUus/nEqPC5So7BOJLUM=",
        "owner": "NixOS",
        "repo": "nixpkgs",
        "rev": "944b2aea7f0a2d7c79f72468106bc5510cbf5101",
        "type": "github"
      },
      "original": {
        "owner": "NixOS",
        "ref": "nixos-24.05",
        "repo": "nixpkgs",
        "type": "github"
      }
    },
    "nixpkgs_2": {
      "locked": {
        "lastModified": 1726838390,
        "narHash": "sha256-NmcVhGElxDbmEWzgXsyAjlRhUus/nEqPC5So7BOJLUM=",
        "owner": "nixos",
        "repo": "nixpkgs",
        "rev": "944b2aea7f0a2d7c79f72468106bc5510cbf5101",
        "type": "github"
      },
      "original": {
        "owner": "nixos",
        "ref": "nixos-24.05",
        "repo": "nixpkgs",
        "type": "github"
      }
    },
    "root": {
      "inputs": {
        "buildroot-nix": "buildroot-nix",
        "nixpkgs": "nixpkgs_2"
      }
    }
  },
  "root": "root",
  "version": 7
}
