{
  "nodes": {
    "buildroot-nix": {
      "inputs": {
        "nixpkgs": "nixpkgs"
      },
      "locked": {
        "lastModified": 1729710603,
        "narHash": "sha256-awSE0YgKt7Z0tJKt+G26uQt4lK5sj5SS0X6ENL8k4YM=",
        "owner": "zopieux",
        "repo": "nix-buildroot",
        "rev": "d2dbb2a53f57b3fdfc776f86c2ab404fed02340d",
        "type": "github"
      },
      "original": {
        "owner": "zopieux",
        "ref": "2024.08",
        "repo": "nix-buildroot",
        "type": "github"
      }
    },
    "nixpkgs": {
      "locked": {
        "lastModified": 1726838390,
        "narHash": "sha256-NmcVhGElxDbmEWzgXsyAjlRhUus/nEqPC5So7BOJLUM=",
        "owner": "NixOS",
        "repo": "nixpkgs",
        "rev": "944b2aea7f0a2d7c79f72468106bc5510cbf5101",
        "type": "github"
      },
      "original": {
        "owner": "NixOS",
        "ref": "nixos-24.05",
        "repo": "nixpkgs",
        "type": "github"
      }
    },
    "nixpkgs_2": {
      "locked": {
        "lastModified": 1729449015,
        "narHash": "sha256-Gf04dXB0n4q0A9G5nTGH3zuMGr6jtJppqdeljxua1fo=",
        "owner": "nixos",
        "repo": "nixpkgs",
        "rev": "89172919243df199fe237ba0f776c3e3e3d72367",
        "type": "github"
      },
      "original": {
        "owner": "nixos",
        "ref": "nixos-24.05",
        "repo": "nixpkgs",
        "type": "github"
      }
    },
    "root": {
      "inputs": {
        "buildroot-nix": "buildroot-nix",
        "nixpkgs": "nixpkgs_2"
      }
    }
  },
  "root": "root",
  "version": 7
}
