{
  "nodes": {
    "nixpkgs": {
      "locked": {
        "lastModified": 1769106469,
        "narHash": "sha256-ek+EFI4hN4Iv7RHq/oI1AuZyOn1pw+ZM/eYc6acxjEs=",
        "owner": "nixos",
        "repo": "nixpkgs",
        "rev": "54caed8f89e27a841ec890b7663f9a53b0e4e25c",
        "type": "github"
      },
      "original": {
        "owner": "nixos",
        "repo": "nixpkgs",
        "rev": "54caed8f89e27a841ec890b7663f9a53b0e4e25c",
        "type": "github"
      }
    },
    "root": {
      "inputs": {
        "nixpkgs": "nixpkgs"
      }
    }
  },
  "root": "root",
  "version": 7
}
